
Microsoft Visual Studio Solution File, Format Version 12.00
# Visual Studio Version 17
VisualStudioVersion = 17.14.36705.20 d17.14
MinimumVisualStudioVersion = 10.0.40219.1
Project("{FAE04EC0-301F-11D3-BF4B-00C04F79EFBC}") = "Evil Eavesdrop Enterprises", "Evil Eavesdrop Enterprises\Evil Eavesdrop Enterprises.csproj", "{C665DCE5-87C2-467A-976B-8FD697B78512}"
EndProject
Global
	GlobalSection(SolutionConfigurationPlatforms) = preSolution
		Debug|Any CPU = Debug|Any CPU
		Release|Any CPU = Release|Any CPU
	EndGlobalSection
	GlobalSection(ProjectConfigurationPlatforms) = postSolution
		{C665DCE5-87C2-467A-976B-8FD697B78512}.Debug|Any CPU.ActiveCfg = Debug|Any CPU
		{C665DCE5-87C2-467A-976B-8FD697B78512}.Debug|Any CPU.Build.0 = Debug|Any CPU
		{C665DCE5-87C2-467A-976B-8FD697B78512}.Release|Any CPU.ActiveCfg = Release|Any CPU
		{C665DCE5-87C2-467A-976B-8FD697B78512}.Release|Any CPU.Build.0 = Release|Any CPU
	EndGlobalSection
	GlobalSection(SolutionProperties) = preSolution
		HideSolutionNode = FALSE
	EndGlobalSection
	GlobalSection(ExtensibilityGlobals) = postSolution
		SolutionGuid = {F540A003-AE81-4C48-819F-EFB3960D28C8}
	EndGlobalSection
EndGlobal
